
Microsoft Visual Studio Solution File, Format Version 12.00
# Visual Studio Version 16
VisualStudioVersion = 16.0.30320.27
MinimumVisualStudioVersion = 10.0.40219.1
Project("{FAE04EC0-301F-11D3-BF4B-00C04F79EFBC}") = "BEZendframework", "BEZendframework\BEZendframework.csproj", "{871B43AB-ECED-4081-AA4D-CC78E39AE7A9}"
EndProject
Global
	GlobalSection(SolutionConfigurationPlatforms) = preSolution
		Debug|Any CPU = Debug|Any CPU
		Release|Any CPU = Release|Any CPU
	EndGlobalSection
	GlobalSection(ProjectConfigurationPlatforms) = postSolution
		{871B43AB-ECED-4081-AA4D-CC78E39AE7A9}.Debug|Any CPU.ActiveCfg = Debug|Any CPU
		{871B43AB-ECED-4081-AA4D-CC78E39AE7A9}.Debug|Any CPU.Build.0 = Debug|Any CPU
		{871B43AB-ECED-4081-AA4D-CC78E39AE7A9}.Release|Any CPU.ActiveCfg = Release|Any CPU
		{871B43AB-ECED-4081-AA4D-CC78E39AE7A9}.Release|Any CPU.Build.0 = Release|Any CPU
	EndGlobalSection
	GlobalSection(SolutionProperties) = preSolution
		HideSolutionNode = FALSE
	EndGlobalSection
	GlobalSection(ExtensibilityGlobals) = postSolution
		SolutionGuid = {543ACB53-3142-4B0E-AD87-D59B891D3E79}
	EndGlobalSection
EndGlobal
